<?xml version="1.0" encoding="utf-8"?>
<Project ToolsVersion="4.0" xmlns="http://schemas.microsoft.com/developer/msbuild/2003">
  <ItemGroup>
    <Filter Include="Direct2D">
      <UniqueIdentifier>{36C11AE1-228E-75EC-4BA7-639437D3AA7A}</UniqueIdentifier>
    </Filter>
  </ItemGroup>
  <ItemGroup>
    <ClInclude Include="Source\Algorithms.h" />
    <ClInclude Include="Source\Direct2D\Application.h">
      <Filter>Direct2D</Filter>
    </ClInclude>
    <ClInclude Include="Source\Direct2D\Graphics.h">
      <Filter>Direct2D</Filter>
    </ClInclude>
    <ClInclude Include="Source\Direct2D\Window.h">
      <Filter>Direct2D</Filter>
    </ClInclude>
    <ClInclude Include="Source\Loader.h" />
    <ClInclude Include="Source\PCH.h" />
    <ClInclude Include="Source\Primatives.h" />
    <ClInclude Include="Source\Direct2D\Event.h">
      <Filter>Direct2D</Filter>
    </ClInclude>
  </ItemGroup>
  <ItemGroup>
    <ClCompile Include="Source\Algorithms.cpp" />
    <ClCompile Include="Source\Direct2D\Application.cpp">
      <Filter>Direct2D</Filter>
    </ClCompile>
    <ClCompile Include="Source\Direct2D\Graphics.cpp">
      <Filter>Direct2D</Filter>
    </ClCompile>
    <ClCompile Include="Source\Direct2D\Window.cpp">
      <Filter>Direct2D</Filter>
    </ClCompile>
    <ClCompile Include="Source\Loader.cpp" />
    <ClCompile Include="Source\PCH.cpp" />
    <ClCompile Include="Source\main.cpp" />
    <ClCompile Include="Source\Direct2D\Event.cpp">
      <Filter>Direct2D</Filter>
    </ClCompile>
  </ItemGroup>
</Project>